
Microsoft Visual Studio Solution File, Format Version 12.00
# Visual Studio Version 17
VisualStudioVersion = 17.0.31903.59
MinimumVisualStudioVersion = 10.0.40219.1
Project("{2150E333-8FDC-42A3-9474-1A3956D46DE8}") = "src", "src", "{827E0CD3-B72D-47B6-A68D-7590B98EB39B}"
EndProject
Project("{FAE04EC0-301F-11D3-BF4B-00C04F79EFBC}") = "Carnicerias.Domain", "src\Carnicerias.Domain\Carnicerias.Domain.csproj", "{54358174-B793-4975-AA1B-35A0C94DD5DF}"
EndProject
Project("{FAE04EC0-301F-11D3-BF4B-00C04F79EFBC}") = "Carnicerias.Api", "src\Carnicerias.Api\Carnicerias.Api.csproj", "{D1528A21-83C0-486D-8F58-CCF87D7FFE11}"
EndProject
Project("{2150E333-8FDC-42A3-9474-1A3956D46DE8}") = "tests", "tests", "{0AB3BF05-4346-4AA6-1389-037BE0695223}"
EndProject
Project("{FAE04EC0-301F-11D3-BF4B-00C04F79EFBC}") = "Carnicerias.ArchitectureTests", "tests\Carnicerias.ArchitectureTests\Carnicerias.ArchitectureTests.csproj", "{2A25357C-7627-41C9-B8BC-E89A6509C627}"
EndProject
Project("{FAE04EC0-301F-11D3-BF4B-00C04F79EFBC}") = "Carnicerias.IntegrationTests", "tests\Carnicerias.IntegrationTests\Carnicerias.IntegrationTests.csproj", "{585645FC-7043-4D6E-AF79-DF384EF2F45F}"
EndProject
Project("{FAE04EC0-301F-11D3-BF4B-00C04F79EFBC}") = "Carnicerias.PlatformAccess", "src\Carnicerias.PlatformAccess\Carnicerias.PlatformAccess.csproj", "{33889706-3DBB-42F3-BCAC-480C54765968}"
EndProject
Project("{FAE04EC0-301F-11D3-BF4B-00C04F79EFBC}") = "Carnicerias.Infrastructure", "src\Carnicerias.Infrastructure\Carnicerias.Infrastructure.csproj", "{1C6B436F-308D-4B12-8DE6-72FE10C98F9A}"
EndProject
Project("{2150E333-8FDC-42A3-9474-1A3956D46DE8}") = "tools", "tools", "{07C2787E-EAC7-C090-1BA3-A61EC2A24D84}"
EndProject
Project("{FAE04EC0-301F-11D3-BF4B-00C04F79EFBC}") = "Carnicerias.Bootstrap", "tools\Carnicerias.Bootstrap\Carnicerias.Bootstrap.csproj", "{78618947-6F90-476D-87D6-87232DFB050B}"
EndProject
Global
	GlobalSection(SolutionConfigurationPlatforms) = preSolution
		Debug|Any CPU = Debug|Any CPU
		Debug|x64 = Debug|x64
		Debug|x86 = Debug|x86
		Release|Any CPU = Release|Any CPU
		Release|x64 = Release|x64
		Release|x86 = Release|x86
	EndGlobalSection
	GlobalSection(ProjectConfigurationPlatforms) = postSolution
		{54358174-B793-4975-AA1B-35A0C94DD5DF}.Debug|Any CPU.ActiveCfg = Debug|Any CPU
		{54358174-B793-4975-AA1B-35A0C94DD5DF}.Debug|Any CPU.Build.0 = Debug|Any CPU
		{54358174-B793-4975-AA1B-35A0C94DD5DF}.Debug|x64.ActiveCfg = Debug|Any CPU
		{54358174-B793-4975-AA1B-35A0C94DD5DF}.Debug|x64.Build.0 = Debug|Any CPU
		{54358174-B793-4975-AA1B-35A0C94DD5DF}.Debug|x86.ActiveCfg = Debug|Any CPU
		{54358174-B793-4975-AA1B-35A0C94DD5DF}.Debug|x86.Build.0 = Debug|Any CPU
		{54358174-B793-4975-AA1B-35A0C94DD5DF}.Release|Any CPU.ActiveCfg = Release|Any CPU
		{54358174-B793-4975-AA1B-35A0C94DD5DF}.Release|Any CPU.Build.0 = Release|Any CPU
		{54358174-B793-4975-AA1B-35A0C94DD5DF}.Release|x64.ActiveCfg = Release|Any CPU
		{54358174-B793-4975-AA1B-35A0C94DD5DF}.Release|x64.Build.0 = Release|Any CPU
		{54358174-B793-4975-AA1B-35A0C94DD5DF}.Release|x86.ActiveCfg = Release|Any CPU
		{54358174-B793-4975-AA1B-35A0C94DD5DF}.Release|x86.Build.0 = Release|Any CPU
		{D1528A21-83C0-486D-8F58-CCF87D7FFE11}.Debug|Any CPU.ActiveCfg = Debug|Any CPU
		{D1528A21-83C0-486D-8F58-CCF87D7FFE11}.Debug|Any CPU.Build.0 = Debug|Any CPU
		{D1528A21-83C0-486D-8F58-CCF87D7FFE11}.Debug|x64.ActiveCfg = Debug|Any CPU
		{D1528A21-83C0-486D-8F58-CCF87D7FFE11}.Debug|x64.Build.0 = Debug|Any CPU
		{D1528A21-83C0-486D-8F58-CCF87D7FFE11}.Debug|x86.ActiveCfg = Debug|Any CPU
		{D1528A21-83C0-486D-8F58-CCF87D7FFE11}.Debug|x86.Build.0 = Debug|Any CPU
		{D1528A21-83C0-486D-8F58-CCF87D7FFE11}.Release|Any CPU.ActiveCfg = Release|Any CPU
		{D1528A21-83C0-486D-8F58-CCF87D7FFE11}.Release|Any CPU.Build.0 = Release|Any CPU
		{D1528A21-83C0-486D-8F58-CCF87D7FFE11}.Release|x64.ActiveCfg = Release|Any CPU
		{D1528A21-83C0-486D-8F58-CCF87D7FFE11}.Release|x64.Build.0 = Release|Any CPU
		{D1528A21-83C0-486D-8F58-CCF87D7FFE11}.Release|x86.ActiveCfg = Release|Any CPU
		{D1528A21-83C0-486D-8F58-CCF87D7FFE11}.Release|x86.Build.0 = Release|Any CPU
		{2A25357C-7627-41C9-B8BC-E89A6509C627}.Debug|Any CPU.ActiveCfg = Debug|Any CPU
		{2A25357C-7627-41C9-B8BC-E89A6509C627}.Debug|Any CPU.Build.0 = Debug|Any CPU
		{2A25357C-7627-41C9-B8BC-E89A6509C627}.Debug|x64.ActiveCfg = Debug|Any CPU
		{2A25357C-7627-41C9-B8BC-E89A6509C627}.Debug|x64.Build.0 = Debug|Any CPU
		{2A25357C-7627-41C9-B8BC-E89A6509C627}.Debug|x86.ActiveCfg = Debug|Any CPU
		{2A25357C-7627-41C9-B8BC-E89A6509C627}.Debug|x86.Build.0 = Debug|Any CPU
		{2A25357C-7627-41C9-B8BC-E89A6509C627}.Release|Any CPU.ActiveCfg = Release|Any CPU
		{2A25357C-7627-41C9-B8BC-E89A6509C627}.Release|Any CPU.Build.0 = Release|Any CPU
		{2A25357C-7627-41C9-B8BC-E89A6509C627}.Release|x64.ActiveCfg = Release|Any CPU
		{2A25357C-7627-41C9-B8BC-E89A6509C627}.Release|x64.Build.0 = Release|Any CPU
		{2A25357C-7627-41C9-B8BC-E89A6509C627}.Release|x86.ActiveCfg = Release|Any CPU
		{2A25357C-7627-41C9-B8BC-E89A6509C627}.Release|x86.Build.0 = Release|Any CPU
		{585645FC-7043-4D6E-AF79-DF384EF2F45F}.Debug|Any CPU.ActiveCfg = Debug|Any CPU
		{585645FC-7043-4D6E-AF79-DF384EF2F45F}.Debug|Any CPU.Build.0 = Debug|Any CPU
		{585645FC-7043-4D6E-AF79-DF384EF2F45F}.Debug|x64.ActiveCfg = Debug|Any CPU
		{585645FC-7043-4D6E-AF79-DF384EF2F45F}.Debug|x64.Build.0 = Debug|Any CPU
		{585645FC-7043-4D6E-AF79-DF384EF2F45F}.Debug|x86.ActiveCfg = Debug|Any CPU
		{585645FC-7043-4D6E-AF79-DF384EF2F45F}.Debug|x86.Build.0 = Debug|Any CPU
		{585645FC-7043-4D6E-AF79-DF384EF2F45F}.Release|Any CPU.ActiveCfg = Release|Any CPU
		{585645FC-7043-4D6E-AF79-DF384EF2F45F}.Release|Any CPU.Build.0 = Release|Any CPU
		{585645FC-7043-4D6E-AF79-DF384EF2F45F}.Release|x64.ActiveCfg = Release|Any CPU
		{585645FC-7043-4D6E-AF79-DF384EF2F45F}.Release|x64.Build.0 = Release|Any CPU
		{585645FC-7043-4D6E-AF79-DF384EF2F45F}.Release|x86.ActiveCfg = Release|Any CPU
		{585645FC-7043-4D6E-AF79-DF384EF2F45F}.Release|x86.Build.0 = Release|Any CPU
		{33889706-3DBB-42F3-BCAC-480C54765968}.Debug|Any CPU.ActiveCfg = Debug|Any CPU
		{33889706-3DBB-42F3-BCAC-480C54765968}.Debug|Any CPU.Build.0 = Debug|Any CPU
		{33889706-3DBB-42F3-BCAC-480C54765968}.Debug|x64.ActiveCfg = Debug|Any CPU
		{33889706-3DBB-42F3-BCAC-480C54765968}.Debug|x64.Build.0 = Debug|Any CPU
		{33889706-3DBB-42F3-BCAC-480C54765968}.Debug|x86.ActiveCfg = Debug|Any CPU
		{33889706-3DBB-42F3-BCAC-480C54765968}.Debug|x86.Build.0 = Debug|Any CPU
		{33889706-3DBB-42F3-BCAC-480C54765968}.Release|Any CPU.ActiveCfg = Release|Any CPU
		{33889706-3DBB-42F3-BCAC-480C54765968}.Release|Any CPU.Build.0 = Release|Any CPU
		{33889706-3DBB-42F3-BCAC-480C54765968}.Release|x64.ActiveCfg = Release|Any CPU
		{33889706-3DBB-42F3-BCAC-480C54765968}.Release|x64.Build.0 = Release|Any CPU
		{33889706-3DBB-42F3-BCAC-480C54765968}.Release|x86.ActiveCfg = Release|Any CPU
		{33889706-3DBB-42F3-BCAC-480C54765968}.Release|x86.Build.0 = Release|Any CPU
		{1C6B436F-308D-4B12-8DE6-72FE10C98F9A}.Debug|Any CPU.ActiveCfg = Debug|Any CPU
		{1C6B436F-308D-4B12-8DE6-72FE10C98F9A}.Debug|Any CPU.Build.0 = Debug|Any CPU
		{1C6B436F-308D-4B12-8DE6-72FE10C98F9A}.Debug|x64.ActiveCfg = Debug|Any CPU
		{1C6B436F-308D-4B12-8DE6-72FE10C98F9A}.Debug|x64.Build.0 = Debug|Any CPU
		{1C6B436F-308D-4B12-8DE6-72FE10C98F9A}.Debug|x86.ActiveCfg = Debug|Any CPU
		{1C6B436F-308D-4B12-8DE6-72FE10C98F9A}.Debug|x86.Build.0 = Debug|Any CPU
		{1C6B436F-308D-4B12-8DE6-72FE10C98F9A}.Release|Any CPU.ActiveCfg = Release|Any CPU
		{1C6B436F-308D-4B12-8DE6-72FE10C98F9A}.Release|Any CPU.Build.0 = Release|Any CPU
		{1C6B436F-308D-4B12-8DE6-72FE10C98F9A}.Release|x64.ActiveCfg = Release|Any CPU
		{1C6B436F-308D-4B12-8DE6-72FE10C98F9A}.Release|x64.Build.0 = Release|Any CPU
		{1C6B436F-308D-4B12-8DE6-72FE10C98F9A}.Release|x86.ActiveCfg = Release|Any CPU
		{1C6B436F-308D-4B12-8DE6-72FE10C98F9A}.Release|x86.Build.0 = Release|Any CPU
		{78618947-6F90-476D-87D6-87232DFB050B}.Debug|Any CPU.ActiveCfg = Debug|Any CPU
		{78618947-6F90-476D-87D6-87232DFB050B}.Debug|Any CPU.Build.0 = Debug|Any CPU
		{78618947-6F90-476D-87D6-87232DFB050B}.Debug|x64.ActiveCfg = Debug|Any CPU
		{78618947-6F90-476D-87D6-87232DFB050B}.Debug|x64.Build.0 = Debug|Any CPU
		{78618947-6F90-476D-87D6-87232DFB050B}.Debug|x86.ActiveCfg = Debug|Any CPU
		{78618947-6F90-476D-87D6-87232DFB050B}.Debug|x86.Build.0 = Debug|Any CPU
		{78618947-6F90-476D-87D6-87232DFB050B}.Release|Any CPU.ActiveCfg = Release|Any CPU
		{78618947-6F90-476D-87D6-87232DFB050B}.Release|Any CPU.Build.0 = Release|Any CPU
		{78618947-6F90-476D-87D6-87232DFB050B}.Release|x64.ActiveCfg = Release|Any CPU
		{78618947-6F90-476D-87D6-87232DFB050B}.Release|x64.Build.0 = Release|Any CPU
		{78618947-6F90-476D-87D6-87232DFB050B}.Release|x86.ActiveCfg = Release|Any CPU
		{78618947-6F90-476D-87D6-87232DFB050B}.Release|x86.Build.0 = Release|Any CPU
	EndGlobalSection
	GlobalSection(SolutionProperties) = preSolution
		HideSolutionNode = FALSE
	EndGlobalSection
	GlobalSection(NestedProjects) = preSolution
		{54358174-B793-4975-AA1B-35A0C94DD5DF} = {827E0CD3-B72D-47B6-A68D-7590B98EB39B}
		{D1528A21-83C0-486D-8F58-CCF87D7FFE11} = {827E0CD3-B72D-47B6-A68D-7590B98EB39B}
		{2A25357C-7627-41C9-B8BC-E89A6509C627} = {0AB3BF05-4346-4AA6-1389-037BE0695223}
		{585645FC-7043-4D6E-AF79-DF384EF2F45F} = {0AB3BF05-4346-4AA6-1389-037BE0695223}
		{33889706-3DBB-42F3-BCAC-480C54765968} = {827E0CD3-B72D-47B6-A68D-7590B98EB39B}
		{1C6B436F-308D-4B12-8DE6-72FE10C98F9A} = {827E0CD3-B72D-47B6-A68D-7590B98EB39B}
		{78618947-6F90-476D-87D6-87232DFB050B} = {07C2787E-EAC7-C090-1BA3-A61EC2A24D84}
	EndGlobalSection
EndGlobal
